%{"bbmustache": {:hex, :bbmustache, "1.0.4", "7ba94f971c5afd7b6617918a4bb74705e36cab36eb84b19b6a1b7ee06427aa38", [:rebar], []},
  "cf": {:hex, :cf, "0.2.1", "69d0b1349fd4d7d4dc55b7f407d29d7a840bf9a1ef5af529f1ebe0ce153fc2ab", [:rebar3], []},
  "connection": {:hex, :connection, "1.0.4", "a1cae72211f0eef17705aaededacac3eb30e6625b04a6117c1b2db6ace7d5976", [:mix], []},
  "cowboy": {:hex, :cowboy, "1.0.4", "a324a8df9f2316c833a470d918aaf73ae894278b8aa6226ce7a9bf699388f878", [:rebar, :make], [{:cowlib, "~> 1.0.0", [hex: :cowlib, optional: false]}, {:ranch, "~> 1.0", [hex: :ranch, optional: false]}]},
  "cowlib": {:hex, :cowlib, "1.0.2", "9d769a1d062c9c3ac753096f868ca121e2730b9a377de23dec0f7e08b1df84ee", [:make], []},
  "db_connection": {:hex, :db_connection, "1.0.0-rc.5", "1d9ab6e01387bdf2de7a16c56866971f7c2f75aea7c69cae2a0346e4b537ae0d", [:mix], [{:connection, "~> 1.0.2", [hex: :connection, optional: false]}, {:poolboy, "~> 1.5", [hex: :poolboy, optional: true]}, {:sbroker, "~> 1.0.0-beta.3", [hex: :sbroker, optional: true]}]},
  "decimal": {:hex, :decimal, "1.1.2", "79a769d4657b2d537b51ef3c02d29ab7141d2b486b516c109642d453ee08e00c", [:mix], []},
  "ecto": {:hex, :ecto, "2.0.5", "7f4c79ac41ffba1a4c032b69d7045489f0069c256de606523c65d9f8188e502d", [:mix], [{:db_connection, "~> 1.0-rc.4", [hex: :db_connection, optional: true]}, {:decimal, "~> 1.1.2 or ~> 1.2", [hex: :decimal, optional: false]}, {:mariaex, "~> 0.7.7", [hex: :mariaex, optional: true]}, {:poison, "~> 1.5 or ~> 2.0", [hex: :poison, optional: true]}, {:poolboy, "~> 1.5", [hex: :poolboy, optional: false]}, {:postgrex, "~> 0.12.0", [hex: :postgrex, optional: true]}, {:sbroker, "~> 1.0-beta", [hex: :sbroker, optional: true]}]},
  "erlware_commons": {:hex, :erlware_commons, "0.21.0", "a04433071ad7d112edefc75ac77719dd3e6753e697ac09428fc83d7564b80b15", [:rebar3], [{:cf, "0.2.1", [hex: :cf, optional: false]}]},
  "esqlite": {:hex, :esqlite, "0.2.2", "e4e8b39062a075e0bd4756b894dd2aa8edbf94c9081c1fb5c72dc705bf2f2d88", [:rebar, :make], []},
  "exrm": {:hex, :exrm, "1.0.8", "5aa8990cdfe300282828b02cefdc339e235f7916388ce99f9a1f926a9271a45d", [:mix], [{:relx, "~> 3.5", [hex: :relx, optional: false]}]},
  "getopt": {:hex, :getopt, "0.8.2", "b17556db683000ba50370b16c0619df1337e7af7ecbf7d64fbf8d1d6bce3109b", [:rebar], []},
  "mime": {:hex, :mime, "1.0.1", "05c393850524767d13a53627df71beeebb016205eb43bfbd92d14d24ec7a1b51", [:mix], []},
  "nerves": {:hex, :nerves, "0.3.4", "7de99513f2775633e2db00acbf7437c55bd132f19b7406814f50818702b381b5", [:mix], [{:exrm, "~> 1.0.6", [hex: :exrm, optional: false]}]},
  "nerves_networking": {:git, "https://github.com/nerves-project/nerves_networking.git", "e4398e6be3b02f912f96dec6e13f0ec36d6d1a31", []},
  "nerves_system": {:hex, :nerves_system, "0.1.5", "3b523a49eb6c0f49239d1354b772d824be9d62be13651fe2878a9ba5ffd737b0", [:mix], [{:porcelain, "~> 2.0", [hex: :porcelain, optional: false]}]},
  "nerves_system_br": {:hex, :nerves_system_br, "0.6.1", "c3f0d07bf0919a5065cf4d34c42656595a7a30109624ea3ddda315882d6ce54a", [:mix], []},
  "nerves_system_rpi2": {:hex, :nerves_system_rpi2, "0.6.1", "b36b3b0d628c30e33feabf8a79ad22019b740ded884c5b27b05978d64cb30acc", [:mix], [{:nerves_system, "~> 0.1.4", [hex: :nerves_system, optional: false]}, {:nerves_system_br, "~> 0.6.1", [hex: :nerves_system_br, optional: false]}, {:nerves_toolchain_arm_unknown_linux_gnueabihf, "~> 0.6.0", [hex: :nerves_toolchain_arm_unknown_linux_gnueabihf, optional: false]}]},
  "nerves_toolchain": {:hex, :nerves_toolchain, "0.6.5", "effc784c71f0e77b99c3c61609b671f2aa4b7573e828a3512d8e5370abf4297f", [:mix], []},
  "nerves_toolchain_arm_unknown_linux_gnueabihf": {:hex, :nerves_toolchain_arm_unknown_linux_gnueabihf, "0.6.1", "d2094bdaff79b13a259290363174e4a90079848a951a7b8cbfee2bd2c653fce5", [:mix], [{:nerves_toolchain, "~> 0.6.2", [hex: :nerves_toolchain, optional: false]}]},
  "plug": {:hex, :plug, "1.2.0", "496bef96634a49d7803ab2671482f0c5ce9ce0b7b9bc25bc0ae8e09859dd2004", [:mix], [{:cowboy, "~> 1.0", [hex: :cowboy, optional: true]}, {:mime, "~> 1.0", [hex: :mime, optional: false]}]},
  "poison": {:hex, :poison, "1.5.2", "560bdfb7449e3ddd23a096929fb9fc2122f709bcc758b2d5d5a5c7d0ea848910", [:mix], []},
  "poolboy": {:hex, :poolboy, "1.5.1", "6b46163901cfd0a1b43d692657ed9d7e599853b3b21b95ae5ae0a777cf9b6ca8", [:rebar], []},
  "porcelain": {:hex, :porcelain, "2.0.2", "c1d4863de3e391195e36457bb3d7e17ee1bca5a44f1d708bc037c313342f58e9", [:mix], []},
  "providers": {:hex, :providers, "1.6.0", "db0e2f9043ae60c0155205fcd238d68516331d0e5146155e33d1e79dc452964a", [:rebar3], [{:getopt, "0.8.2", [hex: :getopt, optional: false]}]},
  "ranch": {:hex, :ranch, "1.2.1", "a6fb992c10f2187b46ffd17ce398ddf8a54f691b81768f9ef5f461ea7e28c762", [:make], []},
  "relx": {:hex, :relx, "3.21.0", "91e1ea9f09b4edfda8461901f4b5c5e0226e43ec161e147eeab29f7761df6eb5", [:rebar3], [{:bbmustache, "1.0.4", [hex: :bbmustache, optional: false]}, {:cf, "0.2.1", [hex: :cf, optional: false]}, {:erlware_commons, "0.21.0", [hex: :erlware_commons, optional: false]}, {:getopt, "0.8.2", [hex: :getopt, optional: false]}, {:providers, "1.6.0", [hex: :providers, optional: false]}]},
  "sqlite_ecto": {:git, "https://github.com/obmarg/sqlite_ecto.git", "ac0502d6c999e481ac12260b82094403db88b827", [branch: "feature/ecto-2.0"]},
  "sqlitex": {:hex, :sqlitex, "1.0.1", "dd94664065ff26c4cebf4c647ec6133d65a870f1828aa160eebf80a2484c98a0", [:mix], [{:decimal, "~> 1.1.0", [hex: :decimal, optional: false]}, {:esqlite, "~> 0.2.0", [hex: :esqlite, optional: false]}]}}
